[root]
name = "munkres_ru"
version = "0.1.0"
dependencies = [
 "libc 0.2.29 (registry+https://github.com/rust-lang/crates.io-index)",
 "munkres 0.3.0 (registry+https://github.com/rust-lang/crates.io-index)",
]

[[package]]
name = "fixedbitset"
version = "0.1.7"
source = "registry+https://github.com/rust-lang/crates.io-index"

[[package]]
name = "libc"
version = "0.2.29"
source = "registry+https://github.com/rust-lang/crates.io-index"

[[package]]
name = "munkres"
version = "0.3.0"
source = "registry+https://github.com/rust-lang/crates.io-index"
dependencies = [
 "fixedbitset 0.1.7 (registry+https://github.com/rust-lang/crates.io-index)",
]

[metadata]
"checksum fixedbitset 0.1.7 (registry+https://github.com/rust-lang/crates.io-index)" = "b0cb3d75726fa0c5ed3dce5dfcf0796affa2a60b33967f45012d86fb95a886f2"
"checksum libc 0.2.29 (registry+https://github.com/rust-lang/crates.io-index)" = "8a014d9226c2cc402676fbe9ea2e15dd5222cd1dd57f576b5b283178c944a264"
"checksum munkres 0.3.0 (registry+https://github.com/rust-lang/crates.io-index)" = "84ca023813adf830e2537250f471f9928ff581527fe87d08a641f68b1b46c3e7"
