[root]
name = "munkres_ru"
version = "0.1.0"
dependencies = [
 "munkres 0.3.0 (registry+https://github.com/rust-lang/crates.io-index)",
]

[[package]]
name = "fixedbitset"
version = "0.1.6"
source = "registry+https://github.com/rust-lang/crates.io-index"

[[package]]
name = "munkres"
version = "0.3.0"
source = "registry+https://github.com/rust-lang/crates.io-index"
dependencies = [
 "fixedbitset 0.1.6 (registry+https://github.com/rust-lang/crates.io-index)",
]

[metadata]
"checksum fixedbitset 0.1.6 (registry+https://github.com/rust-lang/crates.io-index)" = "fcf4412e2d11115c5ed81c2fbdaba8028de0c92553497aa771fc5f4e0c5c8793"
"checksum munkres 0.3.0 (registry+https://github.com/rust-lang/crates.io-index)" = "84ca023813adf830e2537250f471f9928ff581527fe87d08a641f68b1b46c3e7"
